
Microsoft Visual Studio Solution File, Format Version 12.00
# Visual Studio Version 16
VisualStudioVersion = 16.0.30523.141
MinimumVisualStudioVersion = 10.0.40219.1
Project("{FAE04EC0-301F-11D3-BF4B-00C04F79EFBC}") = "YoYo-Web-App", "YoYo-Web-App\YoYo-Web-App.csproj", "{66919A5E-2B70-4FF5-B708-F68CB3266B42}"
EndProject
Global
	GlobalSection(SolutionConfigurationPlatforms) = preSolution
		Debug|Any CPU = Debug|Any CPU
		Release|Any CPU = Release|Any CPU
	EndGlobalSection
	GlobalSection(ProjectConfigurationPlatforms) = postSolution
		{66919A5E-2B70-4FF5-B708-F68CB3266B42}.Debug|Any CPU.ActiveCfg = Debug|Any CPU
		{66919A5E-2B70-4FF5-B708-F68CB3266B42}.Debug|Any CPU.Build.0 = Debug|Any CPU
		{66919A5E-2B70-4FF5-B708-F68CB3266B42}.Release|Any CPU.ActiveCfg = Release|Any CPU
		{66919A5E-2B70-4FF5-B708-F68CB3266B42}.Release|Any CPU.Build.0 = Release|Any CPU
	EndGlobalSection
	GlobalSection(SolutionProperties) = preSolution
		HideSolutionNode = FALSE
	EndGlobalSection
	GlobalSection(ExtensibilityGlobals) = postSolution
		SolutionGuid = {5219C9FF-528E-45C8-BDC2-C787D25FE89E}
	EndGlobalSection
EndGlobal
